
Microsoft Visual Studio Solution File, Format Version 12.00
# Visual Studio 2012
Project("{FAE04EC0-301F-11D3-BF4B-00C04F79EFBC}") = "PNAClient", "PNAClient\PNAClient.csproj", "{3CCCFEA8-CB13-4D15-AEE5-74269DDC9E27}"
EndProject
Project("{FAE04EC0-301F-11D3-BF4B-00C04F79EFBC}") = "PNAModel", "PNAModel\PNAModel.csproj", "{836A0869-235C-4EA3-AC79-9B1B79C90C0D}"
EndProject
Project("{FAE04EC0-301F-11D3-BF4B-00C04F79EFBC}") = "PNAViewModel", "PNAViewModel\PNAViewModel.csproj", "{905357F7-52A0-4835-9422-774F04A76A9A}"
EndProject
Project("{FAE04EC0-301F-11D3-BF4B-00C04F79EFBC}") = "PNAControls", "PNAControls\PNAControls.csproj", "{3840C49E-0A56-4D1F-B3C0-E86C5273F1B1}"
EndProject
Project("{FAE04EC0-301F-11D3-BF4B-00C04F79EFBC}") = "PNADal", "PNADal\PNADal.csproj", "{6C220E07-4CFF-449F-A121-7A8A0D0D2BBF}"
EndProject
Project("{FAE04EC0-301F-11D3-BF4B-00C04F79EFBC}") = "PNAViews", "PNAViews\PNAViews.csproj", "{BFE941F9-F979-4D4D-9C24-4BB6312C19B0}"
EndProject
Project("{FAE04EC0-301F-11D3-BF4B-00C04F79EFBC}") = "PNAShared", "PNAShared\PNAShared.csproj", "{5F5D39ED-6A84-440F-B007-BDB174EDA3FC}"
EndProject
Project("{FAE04EC0-301F-11D3-BF4B-00C04F79EFBC}") = "Microsoft.Kinect.Toolkit", "Microsoft.Kinect.Toolkit\Microsoft.Kinect.Toolkit.csproj", "{C6F9C31B-6130-4443-A5CC-EF0664552ECD}"
EndProject
Project("{FAE04EC0-301F-11D3-BF4B-00C04F79EFBC}") = "Microsoft.Kinect.Toolkit.Controls", "Microsoft.Kinect.Toolkit.Controls\Microsoft.Kinect.Toolkit.Controls.csproj", "{4508C4D1-85BB-4F3F-9E3B-CC93D231C65D}"
EndProject
Project("{FAE04EC0-301F-11D3-BF4B-00C04F79EFBC}") = "Microsoft.Kinect.Toolkit.FaceTracking", "Microsoft.Kinect.Toolkit.FaceTracking\Microsoft.Kinect.Toolkit.FaceTracking.csproj", "{1BCF9CEE-DF01-430E-B49D-41A9A88963EB}"
EndProject
Project("{FAE04EC0-301F-11D3-BF4B-00C04F79EFBC}") = "Microsoft.Kinect.Toolkit.Fusion", "Microsoft.Kinect.Toolkit.Fusion\Microsoft.Kinect.Toolkit.Fusion.csproj", "{58851747-F078-44E1-94B0-99EF065B3319}"
EndProject
Global
	GlobalSection(SolutionConfigurationPlatforms) = preSolution
		Debug|Any CPU = Debug|Any CPU
		Debug|Mixed Platforms = Debug|Mixed Platforms
		Debug|Win32 = Debug|Win32
		Debug|x64 = Debug|x64
		Debug|x86 = Debug|x86
		Release|Any CPU = Release|Any CPU
		Release|Mixed Platforms = Release|Mixed Platforms
		Release|Win32 = Release|Win32
		Release|x64 = Release|x64
		Release|x86 = Release|x86
	EndGlobalSection
	GlobalSection(ProjectConfigurationPlatforms) = postSolution
		{3CCCFEA8-CB13-4D15-AEE5-74269DDC9E27}.Debug|Any CPU.ActiveCfg = Debug|x86
		{3CCCFEA8-CB13-4D15-AEE5-74269DDC9E27}.Debug|Mixed Platforms.ActiveCfg = Debug|x86
		{3CCCFEA8-CB13-4D15-AEE5-74269DDC9E27}.Debug|Mixed Platforms.Build.0 = Debug|x86
		{3CCCFEA8-CB13-4D15-AEE5-74269DDC9E27}.Debug|Win32.ActiveCfg = Debug|x86
		{3CCCFEA8-CB13-4D15-AEE5-74269DDC9E27}.Debug|Win32.Build.0 = Debug|x86
		{3CCCFEA8-CB13-4D15-AEE5-74269DDC9E27}.Debug|x64.ActiveCfg = Debug|x86
		{3CCCFEA8-CB13-4D15-AEE5-74269DDC9E27}.Debug|x86.ActiveCfg = Debug|x86
		{3CCCFEA8-CB13-4D15-AEE5-74269DDC9E27}.Debug|x86.Build.0 = Debug|x86
		{3CCCFEA8-CB13-4D15-AEE5-74269DDC9E27}.Release|Any CPU.ActiveCfg = Release|x86
		{3CCCFEA8-CB13-4D15-AEE5-74269DDC9E27}.Release|Mixed Platforms.ActiveCfg = Release|x86
		{3CCCFEA8-CB13-4D15-AEE5-74269DDC9E27}.Release|Mixed Platforms.Build.0 = Release|x86
		{3CCCFEA8-CB13-4D15-AEE5-74269DDC9E27}.Release|Win32.ActiveCfg = Release|x86
		{3CCCFEA8-CB13-4D15-AEE5-74269DDC9E27}.Release|Win32.Build.0 = Release|x86
		{3CCCFEA8-CB13-4D15-AEE5-74269DDC9E27}.Release|x64.ActiveCfg = Release|x86
		{3CCCFEA8-CB13-4D15-AEE5-74269DDC9E27}.Release|x86.ActiveCfg = Release|x86
		{3CCCFEA8-CB13-4D15-AEE5-74269DDC9E27}.Release|x86.Build.0 = Release|x86
		{836A0869-235C-4EA3-AC79-9B1B79C90C0D}.Debug|Any CPU.ActiveCfg = Debug|x86
		{836A0869-235C-4EA3-AC79-9B1B79C90C0D}.Debug|Mixed Platforms.ActiveCfg = Debug|x86
		{836A0869-235C-4EA3-AC79-9B1B79C90C0D}.Debug|Mixed Platforms.Build.0 = Debug|x86
		{836A0869-235C-4EA3-AC79-9B1B79C90C0D}.Debug|Win32.ActiveCfg = Debug|x86
		{836A0869-235C-4EA3-AC79-9B1B79C90C0D}.Debug|Win32.Build.0 = Debug|x86
		{836A0869-235C-4EA3-AC79-9B1B79C90C0D}.Debug|x64.ActiveCfg = Debug|x86
		{836A0869-235C-4EA3-AC79-9B1B79C90C0D}.Debug|x86.ActiveCfg = Debug|x86
		{836A0869-235C-4EA3-AC79-9B1B79C90C0D}.Debug|x86.Build.0 = Debug|x86
		{836A0869-235C-4EA3-AC79-9B1B79C90C0D}.Release|Any CPU.ActiveCfg = Release|x86
		{836A0869-235C-4EA3-AC79-9B1B79C90C0D}.Release|Mixed Platforms.ActiveCfg = Release|x86
		{836A0869-235C-4EA3-AC79-9B1B79C90C0D}.Release|Mixed Platforms.Build.0 = Release|x86
		{836A0869-235C-4EA3-AC79-9B1B79C90C0D}.Release|Win32.ActiveCfg = Release|x86
		{836A0869-235C-4EA3-AC79-9B1B79C90C0D}.Release|Win32.Build.0 = Release|x86
		{836A0869-235C-4EA3-AC79-9B1B79C90C0D}.Release|x64.ActiveCfg = Release|x86
		{836A0869-235C-4EA3-AC79-9B1B79C90C0D}.Release|x86.ActiveCfg = Release|x86
		{836A0869-235C-4EA3-AC79-9B1B79C90C0D}.Release|x86.Build.0 = Release|x86
		{905357F7-52A0-4835-9422-774F04A76A9A}.Debug|Any CPU.ActiveCfg = Debug|x86
		{905357F7-52A0-4835-9422-774F04A76A9A}.Debug|Mixed Platforms.ActiveCfg = Debug|x86
		{905357F7-52A0-4835-9422-774F04A76A9A}.Debug|Mixed Platforms.Build.0 = Debug|x86
		{905357F7-52A0-4835-9422-774F04A76A9A}.Debug|Win32.ActiveCfg = Debug|x86
		{905357F7-52A0-4835-9422-774F04A76A9A}.Debug|Win32.Build.0 = Debug|x86
		{905357F7-52A0-4835-9422-774F04A76A9A}.Debug|x64.ActiveCfg = Debug|x86
		{905357F7-52A0-4835-9422-774F04A76A9A}.Debug|x86.ActiveCfg = Debug|x86
		{905357F7-52A0-4835-9422-774F04A76A9A}.Debug|x86.Build.0 = Debug|x86
		{905357F7-52A0-4835-9422-774F04A76A9A}.Release|Any CPU.ActiveCfg = Release|x86
		{905357F7-52A0-4835-9422-774F04A76A9A}.Release|Mixed Platforms.ActiveCfg = Release|x86
		{905357F7-52A0-4835-9422-774F04A76A9A}.Release|Mixed Platforms.Build.0 = Release|x86
		{905357F7-52A0-4835-9422-774F04A76A9A}.Release|Win32.ActiveCfg = Release|x86
		{905357F7-52A0-4835-9422-774F04A76A9A}.Release|Win32.Build.0 = Release|x86
		{905357F7-52A0-4835-9422-774F04A76A9A}.Release|x64.ActiveCfg = Release|x86
		{905357F7-52A0-4835-9422-774F04A76A9A}.Release|x86.ActiveCfg = Release|x86
		{905357F7-52A0-4835-9422-774F04A76A9A}.Release|x86.Build.0 = Release|x86
		{3840C49E-0A56-4D1F-B3C0-E86C5273F1B1}.Debug|Any CPU.ActiveCfg = Debug|x86
		{3840C49E-0A56-4D1F-B3C0-E86C5273F1B1}.Debug|Mixed Platforms.ActiveCfg = Debug|x86
		{3840C49E-0A56-4D1F-B3C0-E86C5273F1B1}.Debug|Mixed Platforms.Build.0 = Debug|x86
		{3840C49E-0A56-4D1F-B3C0-E86C5273F1B1}.Debug|Win32.ActiveCfg = Debug|x86
		{3840C49E-0A56-4D1F-B3C0-E86C5273F1B1}.Debug|Win32.Build.0 = Debug|x86
		{3840C49E-0A56-4D1F-B3C0-E86C5273F1B1}.Debug|x64.ActiveCfg = Debug|x86
		{3840C49E-0A56-4D1F-B3C0-E86C5273F1B1}.Debug|x86.ActiveCfg = Debug|x86
		{3840C49E-0A56-4D1F-B3C0-E86C5273F1B1}.Debug|x86.Build.0 = Debug|x86
		{3840C49E-0A56-4D1F-B3C0-E86C5273F1B1}.Release|Any CPU.ActiveCfg = Release|x86
		{3840C49E-0A56-4D1F-B3C0-E86C5273F1B1}.Release|Mixed Platforms.ActiveCfg = Release|x86
		{3840C49E-0A56-4D1F-B3C0-E86C5273F1B1}.Release|Mixed Platforms.Build.0 = Release|x86
		{3840C49E-0A56-4D1F-B3C0-E86C5273F1B1}.Release|Win32.ActiveCfg = Release|x86
		{3840C49E-0A56-4D1F-B3C0-E86C5273F1B1}.Release|Win32.Build.0 = Release|x86
		{3840C49E-0A56-4D1F-B3C0-E86C5273F1B1}.Release|x64.ActiveCfg = Release|x86
		{3840C49E-0A56-4D1F-B3C0-E86C5273F1B1}.Release|x86.ActiveCfg = Release|x86
		{3840C49E-0A56-4D1F-B3C0-E86C5273F1B1}.Release|x86.Build.0 = Release|x86
		{6C220E07-4CFF-449F-A121-7A8A0D0D2BBF}.Debug|Any CPU.ActiveCfg = Debug|x86
		{6C220E07-4CFF-449F-A121-7A8A0D0D2BBF}.Debug|Mixed Platforms.ActiveCfg = Debug|x86
		{6C220E07-4CFF-449F-A121-7A8A0D0D2BBF}.Debug|Mixed Platforms.Build.0 = Debug|x86
		{6C220E07-4CFF-449F-A121-7A8A0D0D2BBF}.Debug|Win32.ActiveCfg = Debug|x86
		{6C220E07-4CFF-449F-A121-7A8A0D0D2BBF}.Debug|Win32.Build.0 = Debug|x86
		{6C220E07-4CFF-449F-A121-7A8A0D0D2BBF}.Debug|x64.ActiveCfg = Debug|x86
		{6C220E07-4CFF-449F-A121-7A8A0D0D2BBF}.Debug|x86.ActiveCfg = Debug|x86
		{6C220E07-4CFF-449F-A121-7A8A0D0D2BBF}.Debug|x86.Build.0 = Debug|x86
		{6C220E07-4CFF-449F-A121-7A8A0D0D2BBF}.Release|Any CPU.ActiveCfg = Release|x86
		{6C220E07-4CFF-449F-A121-7A8A0D0D2BBF}.Release|Mixed Platforms.ActiveCfg = Release|x86
		{6C220E07-4CFF-449F-A121-7A8A0D0D2BBF}.Release|Mixed Platforms.Build.0 = Release|x86
		{6C220E07-4CFF-449F-A121-7A8A0D0D2BBF}.Release|Win32.ActiveCfg = Release|x86
		{6C220E07-4CFF-449F-A121-7A8A0D0D2BBF}.Release|Win32.Build.0 = Release|x86
		{6C220E07-4CFF-449F-A121-7A8A0D0D2BBF}.Release|x64.ActiveCfg = Release|x86
		{6C220E07-4CFF-449F-A121-7A8A0D0D2BBF}.Release|x86.ActiveCfg = Release|x86
		{6C220E07-4CFF-449F-A121-7A8A0D0D2BBF}.Release|x86.Build.0 = Release|x86
		{BFE941F9-F979-4D4D-9C24-4BB6312C19B0}.Debug|Any CPU.ActiveCfg = Debug|x86
		{BFE941F9-F979-4D4D-9C24-4BB6312C19B0}.Debug|Mixed Platforms.ActiveCfg = Debug|x86
		{BFE941F9-F979-4D4D-9C24-4BB6312C19B0}.Debug|Mixed Platforms.Build.0 = Debug|x86
		{BFE941F9-F979-4D4D-9C24-4BB6312C19B0}.Debug|Win32.ActiveCfg = Debug|x86
		{BFE941F9-F979-4D4D-9C24-4BB6312C19B0}.Debug|Win32.Build.0 = Debug|x86
		{BFE941F9-F979-4D4D-9C24-4BB6312C19B0}.Debug|x64.ActiveCfg = Debug|x86
		{BFE941F9-F979-4D4D-9C24-4BB6312C19B0}.Debug|x86.ActiveCfg = Debug|x86
		{BFE941F9-F979-4D4D-9C24-4BB6312C19B0}.Debug|x86.Build.0 = Debug|x86
		{BFE941F9-F979-4D4D-9C24-4BB6312C19B0}.Release|Any CPU.ActiveCfg = Release|x86
		{BFE941F9-F979-4D4D-9C24-4BB6312C19B0}.Release|Mixed Platforms.ActiveCfg = Release|x86
		{BFE941F9-F979-4D4D-9C24-4BB6312C19B0}.Release|Mixed Platforms.Build.0 = Release|x86
		{BFE941F9-F979-4D4D-9C24-4BB6312C19B0}.Release|Win32.ActiveCfg = Release|x86
		{BFE941F9-F979-4D4D-9C24-4BB6312C19B0}.Release|Win32.Build.0 = Release|x86
		{BFE941F9-F979-4D4D-9C24-4BB6312C19B0}.Release|x64.ActiveCfg = Release|x86
		{BFE941F9-F979-4D4D-9C24-4BB6312C19B0}.Release|x86.ActiveCfg = Release|x86
		{BFE941F9-F979-4D4D-9C24-4BB6312C19B0}.Release|x86.Build.0 = Release|x86
		{5F5D39ED-6A84-440F-B007-BDB174EDA3FC}.Debug|Any CPU.ActiveCfg = Debug|x86
		{5F5D39ED-6A84-440F-B007-BDB174EDA3FC}.Debug|Mixed Platforms.ActiveCfg = Debug|x86
		{5F5D39ED-6A84-440F-B007-BDB174EDA3FC}.Debug|Mixed Platforms.Build.0 = Debug|x86
		{5F5D39ED-6A84-440F-B007-BDB174EDA3FC}.Debug|Win32.ActiveCfg = Debug|x86
		{5F5D39ED-6A84-440F-B007-BDB174EDA3FC}.Debug|Win32.Build.0 = Debug|x86
		{5F5D39ED-6A84-440F-B007-BDB174EDA3FC}.Debug|x64.ActiveCfg = Debug|x86
		{5F5D39ED-6A84-440F-B007-BDB174EDA3FC}.Debug|x86.ActiveCfg = Debug|x86
		{5F5D39ED-6A84-440F-B007-BDB174EDA3FC}.Debug|x86.Build.0 = Debug|x86
		{5F5D39ED-6A84-440F-B007-BDB174EDA3FC}.Release|Any CPU.ActiveCfg = Release|x86
		{5F5D39ED-6A84-440F-B007-BDB174EDA3FC}.Release|Mixed Platforms.ActiveCfg = Release|x86
		{5F5D39ED-6A84-440F-B007-BDB174EDA3FC}.Release|Mixed Platforms.Build.0 = Release|x86
		{5F5D39ED-6A84-440F-B007-BDB174EDA3FC}.Release|Win32.ActiveCfg = Release|x86
		{5F5D39ED-6A84-440F-B007-BDB174EDA3FC}.Release|Win32.Build.0 = Release|x86
		{5F5D39ED-6A84-440F-B007-BDB174EDA3FC}.Release|x64.ActiveCfg = Release|x86
		{5F5D39ED-6A84-440F-B007-BDB174EDA3FC}.Release|x86.ActiveCfg = Release|x86
		{5F5D39ED-6A84-440F-B007-BDB174EDA3FC}.Release|x86.Build.0 = Release|x86
		{C6F9C31B-6130-4443-A5CC-EF0664552ECD}.Debug|Any CPU.ActiveCfg = Debug|Any CPU
		{C6F9C31B-6130-4443-A5CC-EF0664552ECD}.Debug|Any CPU.Build.0 = Debug|Any CPU
		{C6F9C31B-6130-4443-A5CC-EF0664552ECD}.Debug|Mixed Platforms.ActiveCfg = Debug|Any CPU
		{C6F9C31B-6130-4443-A5CC-EF0664552ECD}.Debug|Mixed Platforms.Build.0 = Debug|Any CPU
		{C6F9C31B-6130-4443-A5CC-EF0664552ECD}.Debug|Win32.ActiveCfg = Debug|Any CPU
		{C6F9C31B-6130-4443-A5CC-EF0664552ECD}.Debug|x64.ActiveCfg = Debug|Any CPU
		{C6F9C31B-6130-4443-A5CC-EF0664552ECD}.Debug|x86.ActiveCfg = Debug|Any CPU
		{C6F9C31B-6130-4443-A5CC-EF0664552ECD}.Release|Any CPU.ActiveCfg = Release|Any CPU
		{C6F9C31B-6130-4443-A5CC-EF0664552ECD}.Release|Any CPU.Build.0 = Release|Any CPU
		{C6F9C31B-6130-4443-A5CC-EF0664552ECD}.Release|Mixed Platforms.ActiveCfg = Release|Any CPU
		{C6F9C31B-6130-4443-A5CC-EF0664552ECD}.Release|Mixed Platforms.Build.0 = Release|Any CPU
		{C6F9C31B-6130-4443-A5CC-EF0664552ECD}.Release|Win32.ActiveCfg = Release|Any CPU
		{C6F9C31B-6130-4443-A5CC-EF0664552ECD}.Release|x64.ActiveCfg = Release|Any CPU
		{C6F9C31B-6130-4443-A5CC-EF0664552ECD}.Release|x86.ActiveCfg = Release|Any CPU
		{4508C4D1-85BB-4F3F-9E3B-CC93D231C65D}.Debug|Any CPU.ActiveCfg = Debug|Any CPU
		{4508C4D1-85BB-4F3F-9E3B-CC93D231C65D}.Debug|Any CPU.Build.0 = Debug|Any CPU
		{4508C4D1-85BB-4F3F-9E3B-CC93D231C65D}.Debug|Mixed Platforms.ActiveCfg = Debug|Any CPU
		{4508C4D1-85BB-4F3F-9E3B-CC93D231C65D}.Debug|Mixed Platforms.Build.0 = Debug|Any CPU
		{4508C4D1-85BB-4F3F-9E3B-CC93D231C65D}.Debug|Win32.ActiveCfg = Debug|Any CPU
		{4508C4D1-85BB-4F3F-9E3B-CC93D231C65D}.Debug|x64.ActiveCfg = Debug|Any CPU
		{4508C4D1-85BB-4F3F-9E3B-CC93D231C65D}.Debug|x86.ActiveCfg = Debug|Any CPU
		{4508C4D1-85BB-4F3F-9E3B-CC93D231C65D}.Release|Any CPU.ActiveCfg = Release|Any CPU
		{4508C4D1-85BB-4F3F-9E3B-CC93D231C65D}.Release|Any CPU.Build.0 = Release|Any CPU
		{4508C4D1-85BB-4F3F-9E3B-CC93D231C65D}.Release|Mixed Platforms.ActiveCfg = Release|Any CPU
		{4508C4D1-85BB-4F3F-9E3B-CC93D231C65D}.Release|Mixed Platforms.Build.0 = Release|Any CPU
		{4508C4D1-85BB-4F3F-9E3B-CC93D231C65D}.Release|Win32.ActiveCfg = Release|Any CPU
		{4508C4D1-85BB-4F3F-9E3B-CC93D231C65D}.Release|x64.ActiveCfg = Release|Any CPU
		{4508C4D1-85BB-4F3F-9E3B-CC93D231C65D}.Release|x86.ActiveCfg = Release|Any CPU
		{1BCF9CEE-DF01-430E-B49D-41A9A88963EB}.Debug|Any CPU.ActiveCfg = Debug|Win32
		{1BCF9CEE-DF01-430E-B49D-41A9A88963EB}.Debug|Mixed Platforms.ActiveCfg = Debug|Win32
		{1BCF9CEE-DF01-430E-B49D-41A9A88963EB}.Debug|Mixed Platforms.Build.0 = Debug|Win32
		{1BCF9CEE-DF01-430E-B49D-41A9A88963EB}.Debug|Win32.ActiveCfg = Debug|Win32
		{1BCF9CEE-DF01-430E-B49D-41A9A88963EB}.Debug|Win32.Build.0 = Debug|Win32
		{1BCF9CEE-DF01-430E-B49D-41A9A88963EB}.Debug|x64.ActiveCfg = Debug|x64
		{1BCF9CEE-DF01-430E-B49D-41A9A88963EB}.Debug|x64.Build.0 = Debug|x64
		{1BCF9CEE-DF01-430E-B49D-41A9A88963EB}.Debug|x86.ActiveCfg = Debug|Win32
		{1BCF9CEE-DF01-430E-B49D-41A9A88963EB}.Debug|x86.Build.0 = Debug|Win32
		{1BCF9CEE-DF01-430E-B49D-41A9A88963EB}.Release|Any CPU.ActiveCfg = Release|Win32
		{1BCF9CEE-DF01-430E-B49D-41A9A88963EB}.Release|Mixed Platforms.ActiveCfg = Release|Win32
		{1BCF9CEE-DF01-430E-B49D-41A9A88963EB}.Release|Mixed Platforms.Build.0 = Release|Win32
		{1BCF9CEE-DF01-430E-B49D-41A9A88963EB}.Release|Win32.ActiveCfg = Release|Win32
		{1BCF9CEE-DF01-430E-B49D-41A9A88963EB}.Release|Win32.Build.0 = Release|Win32
		{1BCF9CEE-DF01-430E-B49D-41A9A88963EB}.Release|x64.ActiveCfg = Release|x64
		{1BCF9CEE-DF01-430E-B49D-41A9A88963EB}.Release|x64.Build.0 = Release|x64
		{1BCF9CEE-DF01-430E-B49D-41A9A88963EB}.Release|x86.ActiveCfg = Release|Win32
		{1BCF9CEE-DF01-430E-B49D-41A9A88963EB}.Release|x86.Build.0 = Release|Win32
		{58851747-F078-44E1-94B0-99EF065B3319}.Debug|Any CPU.ActiveCfg = Debug|Any CPU
		{58851747-F078-44E1-94B0-99EF065B3319}.Debug|Any CPU.Build.0 = Debug|Any CPU
		{58851747-F078-44E1-94B0-99EF065B3319}.Debug|Mixed Platforms.ActiveCfg = Debug|Any CPU
		{58851747-F078-44E1-94B0-99EF065B3319}.Debug|Mixed Platforms.Build.0 = Debug|Any CPU
		{58851747-F078-44E1-94B0-99EF065B3319}.Debug|Win32.ActiveCfg = Debug|Any CPU
		{58851747-F078-44E1-94B0-99EF065B3319}.Debug|x64.ActiveCfg = Debug|Any CPU
		{58851747-F078-44E1-94B0-99EF065B3319}.Debug|x86.ActiveCfg = Debug|Any CPU
		{58851747-F078-44E1-94B0-99EF065B3319}.Release|Any CPU.ActiveCfg = Release|Any CPU
		{58851747-F078-44E1-94B0-99EF065B3319}.Release|Any CPU.Build.0 = Release|Any CPU
		{58851747-F078-44E1-94B0-99EF065B3319}.Release|Mixed Platforms.ActiveCfg = Release|Any CPU
		{58851747-F078-44E1-94B0-99EF065B3319}.Release|Mixed Platforms.Build.0 = Release|Any CPU
		{58851747-F078-44E1-94B0-99EF065B3319}.Release|Win32.ActiveCfg = Release|Any CPU
		{58851747-F078-44E1-94B0-99EF065B3319}.Release|x64.ActiveCfg = Release|Any CPU
		{58851747-F078-44E1-94B0-99EF065B3319}.Release|x86.ActiveCfg = Release|Any CPU
	EndGlobalSection
	GlobalSection(SolutionProperties) = preSolution
		HideSolutionNode = FALSE
	EndGlobalSection
EndGlobal
